
Microsoft Visual Studio Solution File, Format Version 12.00
# Visual Studio Version 17
VisualStudioVersion = 17.9.34622.214
MinimumVisualStudioVersion = 10.0.40219.1
Project("{FAE04EC0-301F-11D3-BF4B-00C04F79EFBC}") = "C#LEsson8Interfacess", "C#LEsson8Interfacess\C#LEsson8Interfacess.csproj", "{3A189299-A5C8-4FC0-9BEA-83424697921E}"
EndProject
Global
	GlobalSection(SolutionConfigurationPlatforms) = preSolution
		Debug|Any CPU = Debug|Any CPU
		Release|Any CPU = Release|Any CPU
	EndGlobalSection
	GlobalSection(ProjectConfigurationPlatforms) = postSolution
		{3A189299-A5C8-4FC0-9BEA-83424697921E}.Debug|Any CPU.ActiveCfg = Debug|Any CPU
		{3A189299-A5C8-4FC0-9BEA-83424697921E}.Debug|Any CPU.Build.0 = Debug|Any CPU
		{3A189299-A5C8-4FC0-9BEA-83424697921E}.Release|Any CPU.ActiveCfg = Release|Any CPU
		{3A189299-A5C8-4FC0-9BEA-83424697921E}.Release|Any CPU.Build.0 = Release|Any CPU
	EndGlobalSection
	GlobalSection(SolutionProperties) = preSolution
		HideSolutionNode = FALSE
	EndGlobalSection
	GlobalSection(ExtensibilityGlobals) = postSolution
		SolutionGuid = {DA399CDB-21B2-4668-870F-BB04DF245D3C}
	EndGlobalSection
EndGlobal
